
Microsoft Visual Studio Solution File, Format Version 12.00
# Visual Studio 14
VisualStudioVersion = 14.0.25123.0
MinimumVisualStudioVersion = 10.0.40219.1
Project("{2150E333-8FDC-42A3-9474-1A3956D46DE8}") = "Finance Bounded Context", "Finance Bounded Context", "{D37BF7EF-67D6-492F-A1CF-935E2E6F833C}"
EndProject
Project("{2150E333-8FDC-42A3-9474-1A3956D46DE8}") = "1-Presentation", "1-Presentation", "{39747AA2-6B8E-407D-8FAF-7CBC9251F9CB}"
EndProject
Project("{2150E333-8FDC-42A3-9474-1A3956D46DE8}") = "2-Distributed Services", "2-Distributed Services", "{3EC995BC-6FCE-4F44-9F4E-26645D487141}"
EndProject
Project("{2150E333-8FDC-42A3-9474-1A3956D46DE8}") = "3-Application", "3-Application", "{228DB2C2-3054-4CEE-B34B-D865785E76C1}"
EndProject
Project("{2150E333-8FDC-42A3-9474-1A3956D46DE8}") = "4-Domain", "4-Domain", "{BCE3335E-DC36-468D-92A5-F5C8E5216E79}"
EndProject
Project("{2150E333-8FDC-42A3-9474-1A3956D46DE8}") = "5-Infrastructure", "5-Infrastructure", "{58B000EF-43F0-42F4-9BFB-18BBD05A1F65}"
EndProject
Project("{2150E333-8FDC-42A3-9474-1A3956D46DE8}") = "Solution Items", "Solution Items", "{B7E24D86-0B97-4B79-A53B-E7A62A92C49C}"
	ProjectSection(SolutionItems) = preProject
		global.json = global.json
	EndProjectSection
EndProject
Project("{2150E333-8FDC-42A3-9474-1A3956D46DE8}") = "Core", "Core", "{E638039B-2ABC-4E4D-948A-C14B698F24CD}"
EndProject
Project("{8BB2217D-0F2D-49D1-97BC-3654ED321F3B}") = "System.DistributedServices", "Core\System.DistributedServices\System.DistributedServices.xproj", "{53D6A0A7-A54D-42D5-A867-27221B7D9D7E}"
EndProject
Project("{8BB2217D-0F2D-49D1-97BC-3654ED321F3B}") = "System.Domain", "Core\System.Domain\System.Domain.xproj", "{6B0CE0E0-A120-4271-90A0-7BE77779E558}"
EndProject
Project("{8BB2217D-0F2D-49D1-97BC-3654ED321F3B}") = "System.Infrastructure.CrossCutting", "Core\System.Infrastructure.CrossCutting\System.Infrastructure.CrossCutting.xproj", "{1BA49587-12F9-4C53-BA2C-01B06775F602}"
EndProject
Project("{8BB2217D-0F2D-49D1-97BC-3654ED321F3B}") = "System.Infrastructure.Crosscutting.Framework", "Core\System.Infrastructure.Crosscutting.Framework\System.Infrastructure.Crosscutting.Framework.xproj", "{750ECC0F-F699-491F-8E7F-7EB627AB949F}"
EndProject
Project("{8BB2217D-0F2D-49D1-97BC-3654ED321F3B}") = "System.Infrastructure.Data", "Core\System.Infrastructure.Data\System.Infrastructure.Data.xproj", "{3570B804-E9CF-49B0-BFAD-5403502CCB46}"
EndProject
Project("{8BB2217D-0F2D-49D1-97BC-3654ED321F3B}") = "System.WebAPIProxy", "Core\System.WebAPIProxy\System.WebAPIProxy.xproj", "{60DB1194-8309-46FB-9010-A1F232390B7B}"
EndProject
Project("{8BB2217D-0F2D-49D1-97BC-3654ED321F3B}") = "Finance.WebAPIProxy", "Finance\Finance.WebAPIProxy\Finance.WebAPIProxy.xproj", "{01838379-1218-4D80-A403-097A76FD7F24}"
EndProject
Project("{8BB2217D-0F2D-49D1-97BC-3654ED321F3B}") = "Finance.Web.Model", "Finance\Finance.Web.Model\Finance.Web.Model.xproj", "{DA86719E-F64E-47BC-B187-5D69D93A8552}"
EndProject
Project("{8BB2217D-0F2D-49D1-97BC-3654ED321F3B}") = "Finance.WebAPI", "Finance\Finance.WebAPI\Finance.WebAPI.xproj", "{7F1DA34E-E7F0-4829-BC26-1C2C6A16F609}"
EndProject
Project("{8BB2217D-0F2D-49D1-97BC-3654ED321F3B}") = "Finance.Application.Service", "Finance\Finance.Application.Service\Finance.Application.Service.xproj", "{8971E6F5-CC22-483D-B292-8DCA86174109}"
EndProject
Project("{8BB2217D-0F2D-49D1-97BC-3654ED321F3B}") = "Finance.Domain", "Finance\Finance.Domain\Finance.Domain.xproj", "{D3A336D2-1D7C-4AF0-967B-46D81F4E51AD}"
EndProject
Project("{8BB2217D-0F2D-49D1-97BC-3654ED321F3B}") = "Finance.Infrastructure.Data", "Finance\Finance.Infrastructure.Data\Finance.Infrastructure.Data.xproj", "{109368DC-A9B6-4BFA-A3A5-50A6223FDBC9}"
EndProject
Global
	GlobalSection(SolutionConfigurationPlatforms) = preSolution
		Debug|Any CPU = Debug|Any CPU
		Release|Any CPU = Release|Any CPU
	EndGlobalSection
	GlobalSection(ProjectConfigurationPlatforms) = postSolution
		{53D6A0A7-A54D-42D5-A867-27221B7D9D7E}.Debug|Any CPU.ActiveCfg = Debug|Any CPU
		{53D6A0A7-A54D-42D5-A867-27221B7D9D7E}.Debug|Any CPU.Build.0 = Debug|Any CPU
		{53D6A0A7-A54D-42D5-A867-27221B7D9D7E}.Release|Any CPU.ActiveCfg = Release|Any CPU
		{53D6A0A7-A54D-42D5-A867-27221B7D9D7E}.Release|Any CPU.Build.0 = Release|Any CPU
		{6B0CE0E0-A120-4271-90A0-7BE77779E558}.Debug|Any CPU.ActiveCfg = Debug|Any CPU
		{6B0CE0E0-A120-4271-90A0-7BE77779E558}.Debug|Any CPU.Build.0 = Debug|Any CPU
		{6B0CE0E0-A120-4271-90A0-7BE77779E558}.Release|Any CPU.ActiveCfg = Release|Any CPU
		{6B0CE0E0-A120-4271-90A0-7BE77779E558}.Release|Any CPU.Build.0 = Release|Any CPU
		{1BA49587-12F9-4C53-BA2C-01B06775F602}.Debug|Any CPU.ActiveCfg = Debug|Any CPU
		{1BA49587-12F9-4C53-BA2C-01B06775F602}.Debug|Any CPU.Build.0 = Debug|Any CPU
		{1BA49587-12F9-4C53-BA2C-01B06775F602}.Release|Any CPU.ActiveCfg = Release|Any CPU
		{1BA49587-12F9-4C53-BA2C-01B06775F602}.Release|Any CPU.Build.0 = Release|Any CPU
		{750ECC0F-F699-491F-8E7F-7EB627AB949F}.Debug|Any CPU.ActiveCfg = Debug|Any CPU
		{750ECC0F-F699-491F-8E7F-7EB627AB949F}.Debug|Any CPU.Build.0 = Debug|Any CPU
		{750ECC0F-F699-491F-8E7F-7EB627AB949F}.Release|Any CPU.ActiveCfg = Release|Any CPU
		{750ECC0F-F699-491F-8E7F-7EB627AB949F}.Release|Any CPU.Build.0 = Release|Any CPU
		{3570B804-E9CF-49B0-BFAD-5403502CCB46}.Debug|Any CPU.ActiveCfg = Debug|Any CPU
		{3570B804-E9CF-49B0-BFAD-5403502CCB46}.Debug|Any CPU.Build.0 = Debug|Any CPU
		{3570B804-E9CF-49B0-BFAD-5403502CCB46}.Release|Any CPU.ActiveCfg = Release|Any CPU
		{3570B804-E9CF-49B0-BFAD-5403502CCB46}.Release|Any CPU.Build.0 = Release|Any CPU
		{60DB1194-8309-46FB-9010-A1F232390B7B}.Debug|Any CPU.ActiveCfg = Debug|Any CPU
		{60DB1194-8309-46FB-9010-A1F232390B7B}.Debug|Any CPU.Build.0 = Debug|Any CPU
		{60DB1194-8309-46FB-9010-A1F232390B7B}.Release|Any CPU.ActiveCfg = Release|Any CPU
		{60DB1194-8309-46FB-9010-A1F232390B7B}.Release|Any CPU.Build.0 = Release|Any CPU
		{01838379-1218-4D80-A403-097A76FD7F24}.Debug|Any CPU.ActiveCfg = Debug|Any CPU
		{01838379-1218-4D80-A403-097A76FD7F24}.Debug|Any CPU.Build.0 = Debug|Any CPU
		{01838379-1218-4D80-A403-097A76FD7F24}.Release|Any CPU.ActiveCfg = Release|Any CPU
		{01838379-1218-4D80-A403-097A76FD7F24}.Release|Any CPU.Build.0 = Release|Any CPU
		{DA86719E-F64E-47BC-B187-5D69D93A8552}.Debug|Any CPU.ActiveCfg = Debug|Any CPU
		{DA86719E-F64E-47BC-B187-5D69D93A8552}.Debug|Any CPU.Build.0 = Debug|Any CPU
		{DA86719E-F64E-47BC-B187-5D69D93A8552}.Release|Any CPU.ActiveCfg = Release|Any CPU
		{DA86719E-F64E-47BC-B187-5D69D93A8552}.Release|Any CPU.Build.0 = Release|Any CPU
		{7F1DA34E-E7F0-4829-BC26-1C2C6A16F609}.Debug|Any CPU.ActiveCfg = Debug|Any CPU
		{7F1DA34E-E7F0-4829-BC26-1C2C6A16F609}.Debug|Any CPU.Build.0 = Debug|Any CPU
		{7F1DA34E-E7F0-4829-BC26-1C2C6A16F609}.Release|Any CPU.ActiveCfg = Release|Any CPU
		{7F1DA34E-E7F0-4829-BC26-1C2C6A16F609}.Release|Any CPU.Build.0 = Release|Any CPU
		{8971E6F5-CC22-483D-B292-8DCA86174109}.Debug|Any CPU.ActiveCfg = Debug|Any CPU
		{8971E6F5-CC22-483D-B292-8DCA86174109}.Debug|Any CPU.Build.0 = Debug|Any CPU
		{8971E6F5-CC22-483D-B292-8DCA86174109}.Release|Any CPU.ActiveCfg = Release|Any CPU
		{8971E6F5-CC22-483D-B292-8DCA86174109}.Release|Any CPU.Build.0 = Release|Any CPU
		{D3A336D2-1D7C-4AF0-967B-46D81F4E51AD}.Debug|Any CPU.ActiveCfg = Debug|Any CPU
		{D3A336D2-1D7C-4AF0-967B-46D81F4E51AD}.Debug|Any CPU.Build.0 = Debug|Any CPU
		{D3A336D2-1D7C-4AF0-967B-46D81F4E51AD}.Release|Any CPU.ActiveCfg = Release|Any CPU
		{D3A336D2-1D7C-4AF0-967B-46D81F4E51AD}.Release|Any CPU.Build.0 = Release|Any CPU
		{109368DC-A9B6-4BFA-A3A5-50A6223FDBC9}.Debug|Any CPU.ActiveCfg = Debug|Any CPU
		{109368DC-A9B6-4BFA-A3A5-50A6223FDBC9}.Debug|Any CPU.Build.0 = Debug|Any CPU
		{109368DC-A9B6-4BFA-A3A5-50A6223FDBC9}.Release|Any CPU.ActiveCfg = Release|Any CPU
		{109368DC-A9B6-4BFA-A3A5-50A6223FDBC9}.Release|Any CPU.Build.0 = Release|Any CPU
	EndGlobalSection
	GlobalSection(SolutionProperties) = preSolution
		HideSolutionNode = FALSE
	EndGlobalSection
	GlobalSection(NestedProjects) = preSolution
		{39747AA2-6B8E-407D-8FAF-7CBC9251F9CB} = {D37BF7EF-67D6-492F-A1CF-935E2E6F833C}
		{3EC995BC-6FCE-4F44-9F4E-26645D487141} = {D37BF7EF-67D6-492F-A1CF-935E2E6F833C}
		{228DB2C2-3054-4CEE-B34B-D865785E76C1} = {D37BF7EF-67D6-492F-A1CF-935E2E6F833C}
		{BCE3335E-DC36-468D-92A5-F5C8E5216E79} = {D37BF7EF-67D6-492F-A1CF-935E2E6F833C}
		{58B000EF-43F0-42F4-9BFB-18BBD05A1F65} = {D37BF7EF-67D6-492F-A1CF-935E2E6F833C}
		{53D6A0A7-A54D-42D5-A867-27221B7D9D7E} = {E638039B-2ABC-4E4D-948A-C14B698F24CD}
		{6B0CE0E0-A120-4271-90A0-7BE77779E558} = {E638039B-2ABC-4E4D-948A-C14B698F24CD}
		{1BA49587-12F9-4C53-BA2C-01B06775F602} = {E638039B-2ABC-4E4D-948A-C14B698F24CD}
		{750ECC0F-F699-491F-8E7F-7EB627AB949F} = {E638039B-2ABC-4E4D-948A-C14B698F24CD}
		{3570B804-E9CF-49B0-BFAD-5403502CCB46} = {E638039B-2ABC-4E4D-948A-C14B698F24CD}
		{60DB1194-8309-46FB-9010-A1F232390B7B} = {E638039B-2ABC-4E4D-948A-C14B698F24CD}
		{01838379-1218-4D80-A403-097A76FD7F24} = {39747AA2-6B8E-407D-8FAF-7CBC9251F9CB}
		{DA86719E-F64E-47BC-B187-5D69D93A8552} = {39747AA2-6B8E-407D-8FAF-7CBC9251F9CB}
		{7F1DA34E-E7F0-4829-BC26-1C2C6A16F609} = {3EC995BC-6FCE-4F44-9F4E-26645D487141}
		{8971E6F5-CC22-483D-B292-8DCA86174109} = {228DB2C2-3054-4CEE-B34B-D865785E76C1}
		{D3A336D2-1D7C-4AF0-967B-46D81F4E51AD} = {BCE3335E-DC36-468D-92A5-F5C8E5216E79}
		{109368DC-A9B6-4BFA-A3A5-50A6223FDBC9} = {58B000EF-43F0-42F4-9BFB-18BBD05A1F65}
	EndGlobalSection
EndGlobal
